// !$*UTF8*$!
{
	archiveVersion = 1;
	classes = {
	};
	objectVersion = 56;
	objects = {

/* Begin PBXBuildFile section */
		45AA70992B72CC590067E513 /* PantryPalApp.swift in Sources */ = {isa = PBXBuildFile; fileRef = 45AA70982B72CC590067E513 /* PantryPalApp.swift */; };
		45AA709D2B72CC5B0067E513 /* Assets.xcassets in Resources */ = {isa = PBXBuildFile; fileRef = 45AA709C2B72CC5B0067E513 /* Assets.xcassets */; };
		45AA70A02B72CC5B0067E513 /* Preview Assets.xcassets in Resources */ = {isa = PBXBuildFile; fileRef = 45AA709F2B72CC5B0067E513 /* Preview Assets.xcassets */; };
		45AA70AA2B72CC5C0067E513 /* PantryPalTests.swift in Sources */ = {isa = PBXBuildFile; fileRef = 45AA70A92B72CC5C0067E513 /* PantryPalTests.swift */; };
		45AA70B42B72CC5C0067E513 /* PantryPalUITests.swift in Sources */ = {isa = PBXBuildFile; fileRef = 45AA70B32B72CC5C0067E513 /* PantryPalUITests.swift */; };
		45AA70B62B72CC5C0067E513 /* PantryPalUITestsLaunchTests.swift in Sources */ = {isa = PBXBuildFile; fileRef = 45AA70B52B72CC5C0067E513 /* PantryPalUITestsLaunchTests.swift */; };
		45E03F382B8D25A800AF53A8 /* RecipeView.swift in Sources */ = {isa = PBXBuildFile; fileRef = 45E03F372B8D25A800AF53A8 /* RecipeView.swift */; };
		45E03F3D2B8D269A00AF53A8 /* Recipe.swift in Sources */ = {isa = PBXBuildFile; fileRef = 45E03F3C2B8D269A00AF53A8 /* Recipe.swift */; };
		45E03F3F2B8D26A800AF53A8 /* RecipeManager.swift in Sources */ = {isa = PBXBuildFile; fileRef = 45E03F3E2B8D26A800AF53A8 /* RecipeManager.swift */; };
		45E03F432B8D3B8900AF53A8 /* RecipeDetails.swift in Sources */ = {isa = PBXBuildFile; fileRef = 45E03F422B8D3B8900AF53A8 /* RecipeDetails.swift */; };
		45E03F452B8E8C3600AF53A8 /* RecipeFavourites.swift in Sources */ = {isa = PBXBuildFile; fileRef = 45E03F442B8E8C3600AF53A8 /* RecipeFavourites.swift */; };
		4C06576A2B78647000F1E048 /* PantryView.swift in Sources */ = {isa = PBXBuildFile; fileRef = 4C0657692B78647000F1E048 /* PantryView.swift */; };
		4C06576C2B78696900F1E048 /* Grocery.swift in Sources */ = {isa = PBXBuildFile; fileRef = 4C06576B2B78696900F1E048 /* Grocery.swift */; };
		4C1FF6DE2B94E43A0008D612 /* CameraPicker.swift in Sources */ = {isa = PBXBuildFile; fileRef = 4C1FF6DD2B94E43A0008D612 /* CameraPicker.swift */; };
		4C1FF6E02B94E4560008D612 /* LibraryPicker.swift in Sources */ = {isa = PBXBuildFile; fileRef = 4C1FF6DF2B94E4560008D612 /* LibraryPicker.swift */; };
		4C1FF6E52B95120D0008D612 /* NewGroceryView.swift in Sources */ = {isa = PBXBuildFile; fileRef = 4C1FF6E42B95120D0008D612 /* NewGroceryView.swift */; };
		4C1FF6E72B95128F0008D612 /* GroceryDetails.swift in Sources */ = {isa = PBXBuildFile; fileRef = 4C1FF6E62B95128F0008D612 /* GroceryDetails.swift */; };
/* End PBXBuildFile section */

/* Begin PBXContainerItemProxy section */
		45AA70A62B72CC5C0067E513 /* PBXContainerItemProxy */ = {
			isa = PBXContainerItemProxy;
			containerPortal = 45AA708D2B72CC590067E513 /* Project object */;
			proxyType = 1;
			remoteGlobalIDString = 45AA70942B72CC590067E513;
			remoteInfo = PantryPal;
		};
		45AA70B02B72CC5C0067E513 /* PBXContainerItemProxy */ = {
			isa = PBXContainerItemProxy;
			containerPortal = 45AA708D2B72CC590067E513 /* Project object */;
			proxyType = 1;
			remoteGlobalIDString = 45AA70942B72CC590067E513;
			remoteInfo = PantryPal;
		};
/* End PBXContainerItemProxy section */

/* Begin PBXFileReference section */
		45AA70952B72CC590067E513 /* PantryPal.app */ = {isa = PBXFileReference; explicitFileType = wrapper.application; includeInIndex = 0; path = PantryPal.app; sourceTree = BUILT_PRODUCTS_DIR; };
		45AA70982B72CC590067E513 /* PantryPalApp.swift */ = {isa = PBXFileReference; lastKnownFileType = sourcecode.swift; path = PantryPalApp.swift; sourceTree = "<group>"; };
		45AA709C2B72CC5B0067E513 /* Assets.xcassets */ = {isa = PBXFileReference; lastKnownFileType = folder.assetcatalog; path = Assets.xcassets; sourceTree = "<group>"; };
		45AA709F2B72CC5B0067E513 /* Preview Assets.xcassets */ = {isa = PBXFileReference; lastKnownFileType = folder.assetcatalog; path = "Preview Assets.xcassets"; sourceTree = "<group>"; };
		45AA70A52B72CC5C0067E513 /* PantryPalTests.xctest */ = {isa = PBXFileReference; explicitFileType = wrapper.cfbundle; includeInIndex = 0; path = PantryPalTests.xctest; sourceTree = BUILT_PRODUCTS_DIR; };
		45AA70A92B72CC5C0067E513 /* PantryPalTests.swift */ = {isa = PBXFileReference; lastKnownFileType = sourcecode.swift; path = PantryPalTests.swift; sourceTree = "<group>"; };
		45AA70AF2B72CC5C0067E513 /* PantryPalUITests.xctest */ = {isa = PBXFileReference; explicitFileType = wrapper.cfbundle; includeInIndex = 0; path = PantryPalUITests.xctest; sourceTree = BUILT_PRODUCTS_DIR; };
		45AA70B32B72CC5C0067E513 /* PantryPalUITests.swift */ = {isa = PBXFileReference; lastKnownFileType = sourcecode.swift; path = PantryPalUITests.swift; sourceTree = "<group>"; };
		45AA70B52B72CC5C0067E513 /* PantryPalUITestsLaunchTests.swift */ = {isa = PBXFileReference; lastKnownFileType = sourcecode.swift; path = PantryPalUITestsLaunchTests.swift; sourceTree = "<group>"; };
		45E03F372B8D25A800AF53A8 /* RecipeView.swift */ = {isa = PBXFileReference; lastKnownFileType = sourcecode.swift; path = RecipeView.swift; sourceTree = "<group>"; };
		45E03F3C2B8D269A00AF53A8 /* Recipe.swift */ = {isa = PBXFileReference; lastKnownFileType = sourcecode.swift; path = Recipe.swift; sourceTree = "<group>"; };
		45E03F3E2B8D26A800AF53A8 /* RecipeManager.swift */ = {isa = PBXFileReference; lastKnownFileType = sourcecode.swift; path = RecipeManager.swift; sourceTree = "<group>"; };
		45E03F422B8D3B8900AF53A8 /* RecipeDetails.swift */ = {isa = PBXFileReference; lastKnownFileType = sourcecode.swift; path = RecipeDetails.swift; sourceTree = "<group>"; };
		45E03F442B8E8C3600AF53A8 /* RecipeFavourites.swift */ = {isa = PBXFileReference; lastKnownFileType = sourcecode.swift; path = RecipeFavourites.swift; sourceTree = "<group>"; };
		4C0657692B78647000F1E048 /* PantryView.swift */ = {isa = PBXFileReference; lastKnownFileType = sourcecode.swift; path = PantryView.swift; sourceTree = "<group>"; };
		4C06576B2B78696900F1E048 /* Grocery.swift */ = {isa = PBXFileReference; lastKnownFileType = sourcecode.swift; path = Grocery.swift; sourceTree = "<group>"; };
		4C1FF6DD2B94E43A0008D612 /* CameraPicker.swift */ = {isa = PBXFileReference; lastKnownFileType = sourcecode.swift; path = CameraPicker.swift; sourceTree = "<group>"; };
		4C1FF6DF2B94E4560008D612 /* LibraryPicker.swift */ = {isa = PBXFileReference; lastKnownFileType = sourcecode.swift; path = LibraryPicker.swift; sourceTree = "<group>"; };
		4C1FF6E42B95120D0008D612 /* NewGroceryView.swift */ = {isa = PBXFileReference; lastKnownFileType = sourcecode.swift; path = NewGroceryView.swift; sourceTree = "<group>"; };
		4C1FF6E62B95128F0008D612 /* GroceryDetails.swift */ = {isa = PBXFileReference; lastKnownFileType = sourcecode.swift; path = GroceryDetails.swift; sourceTree = "<group>"; };
/* End PBXFileReference section */

/* Begin PBXFrameworksBuildPhase section */
		45AA70922B72CC590067E513 /* Frameworks */ = {
			isa = PBXFrameworksBuildPhase;
			buildActionMask = 2147483647;
			files = (
			);
			runOnlyForDeploymentPostprocessing = 0;
		};
		45AA70A22B72CC5C0067E513 /* Frameworks */ = {
			isa = PBXFrameworksBuildPhase;
			buildActionMask = 2147483647;
			files = (
			);
			runOnlyForDeploymentPostprocessing = 0;
		};
		45AA70AC2B72CC5C0067E513 /* Frameworks */ = {
			isa = PBXFrameworksBuildPhase;
			buildActionMask = 2147483647;
			files = (
			);
			runOnlyForDeploymentPostprocessing = 0;
		};
/* End PBXFrameworksBuildPhase section */

/* Begin PBXGroup section */
		45AA708C2B72CC590067E513 = {
			isa = PBXGroup;
			children = (
				45AA70972B72CC590067E513 /* PantryPal */,
				45AA70A82B72CC5C0067E513 /* PantryPalTests */,
				45AA70B22B72CC5C0067E513 /* PantryPalUITests */,
				45AA70962B72CC590067E513 /* Products */,
			);
			sourceTree = "<group>";
		};
		45AA70962B72CC590067E513 /* Products */ = {
			isa = PBXGroup;
			children = (
				45AA70952B72CC590067E513 /* PantryPal.app */,
				45AA70A52B72CC5C0067E513 /* PantryPalTests.xctest */,
				45AA70AF2B72CC5C0067E513 /* PantryPalUITests.xctest */,
			);
			name = Products;
			sourceTree = "<group>";
		};
		45AA70972B72CC590067E513 /* PantryPal */ = {
			isa = PBXGroup;
			children = (
				45E03F3B2B8D268100AF53A8 /* Models */,
				45E03F3A2B8D25BB00AF53A8 /* Services */,
				45E03F392B8D25AD00AF53A8 /* Views */,
				45AA70982B72CC590067E513 /* PantryPalApp.swift */,
				45AA709C2B72CC5B0067E513 /* Assets.xcassets */,
				45AA709E2B72CC5B0067E513 /* Preview Content */,
			);
			path = PantryPal;
			sourceTree = "<group>";
		};
		45AA709E2B72CC5B0067E513 /* Preview Content */ = {
			isa = PBXGroup;
			children = (
				45AA709F2B72CC5B0067E513 /* Preview Assets.xcassets */,
			);
			path = "Preview Content";
			sourceTree = "<group>";
		};
		45AA70A82B72CC5C0067E513 /* PantryPalTests */ = {
			isa = PBXGroup;
			children = (
				45AA70A92B72CC5C0067E513 /* PantryPalTests.swift */,
			);
			path = PantryPalTests;
			sourceTree = "<group>";
		};
		45AA70B22B72CC5C0067E513 /* PantryPalUITests */ = {
			isa = PBXGroup;
			children = (
				45AA70B32B72CC5C0067E513 /* PantryPalUITests.swift */,
				45AA70B52B72CC5C0067E513 /* PantryPalUITestsLaunchTests.swift */,
			);
			path = PantryPalUITests;
			sourceTree = "<group>";
		};
		45E03F392B8D25AD00AF53A8 /* Views */ = {
			isa = PBXGroup;
			children = (
				4C1FF6E32B95118E0008D612 /* GroceryViews */,
				4C1FF6E22B9511290008D612 /* RecipeViews */,
			);
			path = Views;
			sourceTree = "<group>";
		};
		45E03F3A2B8D25BB00AF53A8 /* Services */ = {
			isa = PBXGroup;
			children = (
				45E03F3E2B8D26A800AF53A8 /* RecipeManager.swift */,
			);
			path = Services;
			sourceTree = "<group>";
		};
		45E03F3B2B8D268100AF53A8 /* Models */ = {
			isa = PBXGroup;
			children = (
				4C06576B2B78696900F1E048 /* Grocery.swift */,
				45E03F3C2B8D269A00AF53A8 /* Recipe.swift */,
			);
			path = Models;
			sourceTree = "<group>";
		};
		4C1FF6E22B9511290008D612 /* RecipeViews */ = {
			isa = PBXGroup;
			children = (
				45E03F372B8D25A800AF53A8 /* RecipeView.swift */,
				45E03F422B8D3B8900AF53A8 /* RecipeDetails.swift */,
				45E03F442B8E8C3600AF53A8 /* RecipeFavourites.swift */,
			);
			path = RecipeViews;
			sourceTree = "<group>";
		};
		4C1FF6E32B95118E0008D612 /* GroceryViews */ = {
			isa = PBXGroup;
			children = (
				4C1FF6E82B95135E0008D612 /* Pickers */,
				4C1FF6E42B95120D0008D612 /* NewGroceryView.swift */,
				4C1FF6E62B95128F0008D612 /* GroceryDetails.swift */,
				4C0657692B78647000F1E048 /* PantryView.swift */,
			);
			path = GroceryViews;
			sourceTree = "<group>";
		};
		4C1FF6E82B95135E0008D612 /* Pickers */ = {
			isa = PBXGroup;
			children = (
				4C1FF6DD2B94E43A0008D612 /* CameraPicker.swift */,
				4C1FF6DF2B94E4560008D612 /* LibraryPicker.swift */,
			);
			path = Pickers;
			sourceTree = "<group>";
		};
/* End PBXGroup section */

/* Begin PBXNativeTarget section */
		45AA70942B72CC590067E513 /* PantryPal */ = {
			isa = PBXNativeTarget;
			buildConfigurationList = 45AA70B92B72CC5C0067E513 /* Build configuration list for PBXNativeTarget "PantryPal" */;
			buildPhases = (
				45AA70912B72CC590067E513 /* Sources */,
				45AA70922B72CC590067E513 /* Frameworks */,
				45AA70932B72CC590067E513 /* Resources */,
			);
			buildRules = (
			);
			dependencies = (
			);
			name = PantryPal;
			productName = PantryPal;
			productReference = 45AA70952B72CC590067E513 /* PantryPal.app */;
			productType = "com.apple.product-type.application";
		};
		45AA70A42B72CC5C0067E513 /* PantryPalTests */ = {
			isa = PBXNativeTarget;
			buildConfigurationList = 45AA70BC2B72CC5C0067E513 /* Build configuration list for PBXNativeTarget "PantryPalTests" */;
			buildPhases = (
				45AA70A12B72CC5C0067E513 /* Sources */,
				45AA70A22B72CC5C0067E513 /* Frameworks */,
				45AA70A32B72CC5C0067E513 /* Resources */,
			);
			buildRules = (
			);
			dependencies = (
				45AA70A72B72CC5C0067E513 /* PBXTargetDependency */,
			);
			name = PantryPalTests;
			productName = PantryPalTests;
			productReference = 45AA70A52B72CC5C0067E513 /* PantryPalTests.xctest */;
			productType = "com.apple.product-type.bundle.unit-test";
		};
		45AA70AE2B72CC5C0067E513 /* PantryPalUITests */ = {
			isa = PBXNativeTarget;
			buildConfigurationList = 45AA70BF2B72CC5C0067E513 /* Build configuration list for PBXNativeTarget "PantryPalUITests" */;
			buildPhases = (
				45AA70AB2B72CC5C0067E513 /* Sources */,
				45AA70AC2B72CC5C0067E513 /* Frameworks */,
				45AA70AD2B72CC5C0067E513 /* Resources */,
			);
			buildRules = (
			);
			dependencies = (
				45AA70B12B72CC5C0067E513 /* PBXTargetDependency */,
			);
			name = PantryPalUITests;
			productName = PantryPalUITests;
			productReference = 45AA70AF2B72CC5C0067E513 /* PantryPalUITests.xctest */;
			productType = "com.apple.product-type.bundle.ui-testing";
		};
/* End PBXNativeTarget section */

/* Begin PBXProject section */
		45AA708D2B72CC590067E513 /* Project object */ = {
			isa = PBXProject;
			attributes = {
				BuildIndependentTargetsInParallel = 1;
				LastSwiftUpdateCheck = 1520;
				LastUpgradeCheck = 1520;
				TargetAttributes = {
					45AA70942B72CC590067E513 = {
						CreatedOnToolsVersion = 15.2;
					};
					45AA70A42B72CC5C0067E513 = {
						CreatedOnToolsVersion = 15.2;
						TestTargetID = 45AA70942B72CC590067E513;
					};
					45AA70AE2B72CC5C0067E513 = {
						CreatedOnToolsVersion = 15.2;
						TestTargetID = 45AA70942B72CC590067E513;
					};
				};
			};
			buildConfigurationList = 45AA70902B72CC590067E513 /* Build configuration list for PBXProject "PantryPal" */;
			compatibilityVersion = "Xcode 14.0";
			developmentRegion = en;
			hasScannedForEncodings = 0;
			knownRegions = (
				en,
				Base,
			);
			mainGroup = 45AA708C2B72CC590067E513;
			productRefGroup = 45AA70962B72CC590067E513 /* Products */;
			projectDirPath = "";
			projectRoot = "";
			targets = (
				45AA70942B72CC590067E513 /* PantryPal */,
				45AA70A42B72CC5C0067E513 /* PantryPalTests */,
				45AA70AE2B72CC5C0067E513 /* PantryPalUITests */,
			);
		};
/* End PBXProject section */

/* Begin PBXResourcesBuildPhase section */
		45AA70932B72CC590067E513 /* Resources */ = {
			isa = PBXResourcesBuildPhase;
			buildActionMask = 2147483647;
			files = (
				45AA70A02B72CC5B0067E513 /* Preview Assets.xcassets in Resources */,
				45AA709D2B72CC5B0067E513 /* Assets.xcassets in Resources */,
			);
			runOnlyForDeploymentPostprocessing = 0;
		};
		45AA70A32B72CC5C0067E513 /* Resources */ = {
			isa = PBXResourcesBuildPhase;
			buildActionMask = 2147483647;
			files = (
			);
			runOnlyForDeploymentPostprocessing = 0;
		};
		45AA70AD2B72CC5C0067E513 /* Resources */ = {
			isa = PBXResourcesBuildPhase;
			buildActionMask = 2147483647;
			files = (
			);
			runOnlyForDeploymentPostprocessing = 0;
		};
/* End PBXResourcesBuildPhase section */

/* Begin PBXSourcesBuildPhase section */
		45AA70912B72CC590067E513 /* Sources */ = {
			isa = PBXSourcesBuildPhase;
			buildActionMask = 2147483647;
			files = (
				4C1FF6E72B95128F0008D612 /* GroceryDetails.swift in Sources */,
				4C06576A2B78647000F1E048 /* PantryView.swift in Sources */,
				45E03F452B8E8C3600AF53A8 /* RecipeFavourites.swift in Sources */,
				4C06576C2B78696900F1E048 /* Grocery.swift in Sources */,
				45E03F3D2B8D269A00AF53A8 /* Recipe.swift in Sources */,
				45E03F432B8D3B8900AF53A8 /* RecipeDetails.swift in Sources */,
				4C1FF6E52B95120D0008D612 /* NewGroceryView.swift in Sources */,
				45E03F3F2B8D26A800AF53A8 /* RecipeManager.swift in Sources */,
				45AA70992B72CC590067E513 /* PantryPalApp.swift in Sources */,
				4C1FF6DE2B94E43A0008D612 /* CameraPicker.swift in Sources */,
				4C1FF6E02B94E4560008D612 /* LibraryPicker.swift in Sources */,
				45E03F382B8D25A800AF53A8 /* RecipeView.swift in Sources */,
			);
			runOnlyForDeploymentPostprocessing = 0;
		};
		45AA70A12B72CC5C0067E513 /* Sources */ = {
			isa = PBXSourcesBuildPhase;
			buildActionMask = 2147483647;
			files = (
				45AA70AA2B72CC5C0067E513 /* PantryPalTests.swift in Sources */,
			);
			runOnlyForDeploymentPostprocessing = 0;
		};
		45AA70AB2B72CC5C0067E513 /* Sources */ = {
			isa = PBXSourcesBuildPhase;
			buildActionMask = 2147483647;
			files = (
				45AA70B62B72CC5C0067E513 /* PantryPalUITestsLaunchTests.swift in Sources */,
				45AA70B42B72CC5C0067E513 /* PantryPalUITests.swift in Sources */,
			);
			runOnlyForDeploymentPostprocessing = 0;
		};
/* End PBXSourcesBuildPhase section */

/* Begin PBXTargetDependency section */
		45AA70A72B72CC5C0067E513 /* PBXTargetDependency */ = {
			isa = PBXTargetDependency;
			target = 45AA70942B72CC590067E513 /* PantryPal */;
			targetProxy = 45AA70A62B72CC5C0067E513 /* PBXContainerItemProxy */;
		};
		45AA70B12B72CC5C0067E513 /* PBXTargetDependency */ = {
			isa = PBXTargetDependency;
			target = 45AA70942B72CC590067E513 /* PantryPal */;
			targetProxy = 45AA70B02B72CC5C0067E513 /* PBXContainerItemProxy */;
		};
/* End PBXTargetDependency section */

/* Begin XCBuildConfiguration section */
		45AA70B72B72CC5C0067E513 /* Debug */ = {
			isa = XCBuildConfiguration;
			buildSettings = {
				ALWAYS_SEARCH_USER_PATHS = NO;
				ASSETCATALOG_COMPILER_GENERATE_SWIFT_ASSET_SYMBOL_EXTENSIONS = YES;
				CLANG_ANALYZER_NONNULL = YES;
				CLANG_ANALYZER_NUMBER_OBJECT_CONVERSION = YES_AGGRESSIVE;
				CLANG_CXX_LANGUAGE_STANDARD = "gnu++20";
				CLANG_ENABLE_MODULES = YES;
				CLANG_ENABLE_OBJC_ARC = YES;
				CLANG_ENABLE_OBJC_WEAK = YES;
				CLANG_WARN_BLOCK_CAPTURE_AUTORELEASING = YES;
				CLANG_WARN_BOOL_CONVERSION = YES;
				CLANG_WARN_COMMA = YES;
				CLANG_WARN_CONSTANT_CONVERSION = YES;
				CLANG_WARN_DEPRECATED_OBJC_IMPLEMENTATIONS = YES;
				CLANG_WARN_DIRECT_OBJC_ISA_USAGE = YES_ERROR;
				CLANG_WARN_DOCUMENTATION_COMMENTS = YES;
				CLANG_WARN_EMPTY_BODY = YES;
				CLANG_WARN_ENUM_CONVERSION = YES;
				CLANG_WARN_INFINITE_RECURSION = YES;
				CLANG_WARN_INT_CONVERSION = YES;
				CLANG_WARN_NON_LITERAL_NULL_CONVERSION = YES;
				CLANG_WARN_OBJC_IMPLICIT_RETAIN_SELF = YES;
				CLANG_WARN_OBJC_LITERAL_CONVERSION = YES;
				CLANG_WARN_OBJC_ROOT_CLASS = YES_ERROR;
				CLANG_WARN_QUOTED_INCLUDE_IN_FRAMEWORK_HEADER = YES;
				CLANG_WARN_RANGE_LOOP_ANALYSIS = YES;
				CLANG_WARN_STRICT_PROTOTYPES = YES;
				CLANG_WARN_SUSPICIOUS_MOVE = YES;
				CLANG_WARN_UNGUARDED_AVAILABILITY = YES_AGGRESSIVE;
				CLANG_WARN_UNREACHABLE_CODE = YES;
				CLANG_WARN__DUPLICATE_METHOD_MATCH = YES;
				COPY_PHASE_STRIP = NO;
				DEBUG_INFORMATION_FORMAT = dwarf;
				ENABLE_STRICT_OBJC_MSGSEND = YES;
				ENABLE_TESTABILITY = YES;
				ENABLE_USER_SCRIPT_SANDBOXING = YES;
				GCC_C_LANGUAGE_STANDARD = gnu17;
				GCC_DYNAMIC_NO_PIC = NO;
				GCC_NO_COMMON_BLOCKS = YES;
				GCC_OPTIMIZATION_LEVEL = 0;
				GCC_PREPROCESSOR_DEFINITIONS = (
					"DEBUG=1",
					"$(inherited)",
				);
				GCC_WARN_64_TO_32_BIT_CONVERSION = YES;
				GCC_WARN_ABOUT_RETURN_TYPE = YES_ERROR;
				GCC_WARN_UNDECLARED_SELECTOR = YES;
				GCC_WARN_UNINITIALIZED_AUTOS = YES_AGGRESSIVE;
				GCC_WARN_UNUSED_FUNCTION = YES;
				GCC_WARN_UNUSED_VARIABLE = YES;
				IPHONEOS_DEPLOYMENT_TARGET = 17.2;
				LOCALIZATION_PREFERS_STRING_CATALOGS = YES;
				MTL_ENABLE_DEBUG_INFO = INCLUDE_SOURCE;
				MTL_FAST_MATH = YES;
				ONLY_ACTIVE_ARCH = YES;
				SDKROOT = iphoneos;
				SWIFT_ACTIVE_COMPILATION_CONDITIONS = "DEBUG $(inherited)";
				SWIFT_OPTIMIZATION_LEVEL = "-Onone";
			};
			name = Debug;
		};
		45AA70B82B72CC5C0067E513 /* Release */ = {
			isa = XCBuildConfiguration;
			buildSettings = {
				ALWAYS_SEARCH_USER_PATHS = NO;
				ASSETCATALOG_COMPILER_GENERATE_SWIFT_ASSET_SYMBOL_EXTENSIONS = YES;
				CLANG_ANALYZER_NONNULL = YES;
				CLANG_ANALYZER_NUMBER_OBJECT_CONVERSION = YES_AGGRESSIVE;
				CLANG_CXX_LANGUAGE_STANDARD = "gnu++20";
				CLANG_ENABLE_MODULES = YES;
				CLANG_ENABLE_OBJC_ARC = YES;
				CLANG_ENABLE_OBJC_WEAK = YES;
				CLANG_WARN_BLOCK_CAPTURE_AUTORELEASING = YES;
				CLANG_WARN_BOOL_CONVERSION = YES;
				CLANG_WARN_COMMA = YES;
				CLANG_WARN_CONSTANT_CONVERSION = YES;
				CLANG_WARN_DEPRECATED_OBJC_IMPLEMENTATIONS = YES;
				CLANG_WARN_DIRECT_OBJC_ISA_USAGE = YES_ERROR;
				CLANG_WARN_DOCUMENTATION_COMMENTS = YES;
				CLANG_WARN_EMPTY_BODY = YES;
				CLANG_WARN_ENUM_CONVERSION = YES;
				CLANG_WARN_INFINITE_RECURSION = YES;
				CLANG_WARN_INT_CONVERSION = YES;
				CLANG_WARN_NON_LITERAL_NULL_CONVERSION = YES;
				CLANG_WARN_OBJC_IMPLICIT_RETAIN_SELF = YES;
				CLANG_WARN_OBJC_LITERAL_CONVERSION = YES;
				CLANG_WARN_OBJC_ROOT_CLASS = YES_ERROR;
				CLANG_WARN_QUOTED_INCLUDE_IN_FRAMEWORK_HEADER = YES;
				CLANG_WARN_RANGE_LOOP_ANALYSIS = YES;
				CLANG_WARN_STRICT_PROTOTYPES = YES;
				CLANG_WARN_SUSPICIOUS_MOVE = YES;
				CLANG_WARN_UNGUARDED_AVAILABILITY = YES_AGGRESSIVE;
				CLANG_WARN_UNREACHABLE_CODE = YES;
				CLANG_WARN__DUPLICATE_METHOD_MATCH = YES;
				COPY_PHASE_STRIP = NO;
				DEBUG_INFORMATION_FORMAT = "dwarf-with-dsym";
				ENABLE_NS_ASSERTIONS = NO;
				ENABLE_STRICT_OBJC_MSGSEND = YES;
				ENABLE_USER_SCRIPT_SANDBOXING = YES;
				GCC_C_LANGUAGE_STANDARD = gnu17;
				GCC_NO_COMMON_BLOCKS = YES;
				GCC_WARN_64_TO_32_BIT_CONVERSION = YES;
				GCC_WARN_ABOUT_RETURN_TYPE = YES_ERROR;
				GCC_WARN_UNDECLARED_SELECTOR = YES;
				GCC_WARN_UNINITIALIZED_AUTOS = YES_AGGRESSIVE;
				GCC_WARN_UNUSED_FUNCTION = YES;
				GCC_WARN_UNUSED_VARIABLE = YES;
				IPHONEOS_DEPLOYMENT_TARGET = 17.2;
				LOCALIZATION_PREFERS_STRING_CATALOGS = YES;
				MTL_ENABLE_DEBUG_INFO = NO;
				MTL_FAST_MATH = YES;
				SDKROOT = iphoneos;
				SWIFT_COMPILATION_MODE = wholemodule;
				VALIDATE_PRODUCT = YES;
			};
			name = Release;
		};
		45AA70BA2B72CC5C0067E513 /* Debug */ = {
			isa = XCBuildConfiguration;
			buildSettings = {
				ASSETCATALOG_COMPILER_APPICON_NAME = AppIcon;
				ASSETCATALOG_COMPILER_GLOBAL_ACCENT_COLOR_NAME = AccentColor;
				CODE_SIGN_STYLE = Automatic;
				CURRENT_PROJECT_VERSION = 1;
				DEVELOPMENT_ASSET_PATHS = "\"PantryPal/Preview Content\"";
				DEVELOPMENT_TEAM = Z47J9XGY23;
				ENABLE_PREVIEWS = YES;
				GENERATE_INFOPLIST_FILE = YES;
				INFOPLIST_KEY_NSCameraUsageDescription = "The App needs the camera to iidentify groceries";
				INFOPLIST_KEY_NSPhotoLibraryUsageDescription = "The App needs the camera to iidentify groceries";
				INFOPLIST_KEY_UIApplicationSceneManifest_Generation = YES;
				INFOPLIST_KEY_UIApplicationSupportsIndirectInputEvents = YES;
				INFOPLIST_KEY_UILaunchScreen_Generation = YES;
				INFOPLIST_KEY_UISupportedInterfaceOrientations_iPad = "UIInterfaceOrientationPortrait UIInterfaceOrientationPortraitUpsideDown UIInterfaceOrientationLandscapeLeft UIInterfaceOrientationLandscapeRight";
				INFOPLIST_KEY_UISupportedInterfaceOrientations_iPhone = "UIInterfaceOrientationPortrait UIInterfaceOrientationLandscapeLeft UIInterfaceOrientationLandscapeRight";
				IPHONEOS_DEPLOYMENT_TARGET = 16.0;
				LD_RUNPATH_SEARCH_PATHS = (
					"$(inherited)",
					"@executable_path/Frameworks",
				);
				MARKETING_VERSION = 1.0;
				PRODUCT_BUNDLE_IDENTIFIER = sheridan.com.mm.PantryPal;
				PRODUCT_NAME = "$(TARGET_NAME)";
				SWIFT_EMIT_LOC_STRINGS = YES;
				SWIFT_VERSION = 5.0;
				TARGETED_DEVICE_FAMILY = "1,2";
			};
			name = Debug;
		};
		45AA70BB2B72CC5C0067E513 /* Release */ = {
			isa = XCBuildConfiguration;
			buildSettings = {
				ASSETCATALOG_COMPILER_APPICON_NAME = AppIcon;
				ASSETCATALOG_COMPILER_GLOBAL_ACCENT_COLOR_NAME = AccentColor;
				CODE_SIGN_STYLE = Automatic;
				CURRENT_PROJECT_VERSION = 1;
				DEVELOPMENT_ASSET_PATHS = "\"PantryPal/Preview Content\"";
				DEVELOPMENT_TEAM = Z47J9XGY23;
				ENABLE_PREVIEWS = YES;
				GENERATE_INFOPLIST_FILE = YES;
				INFOPLIST_KEY_NSCameraUsageDescription = "The App needs the camera to iidentify groceries";
				INFOPLIST_KEY_NSPhotoLibraryUsageDescription = "The App needs the camera to iidentify groceries";
				INFOPLIST_KEY_UIApplicationSceneManifest_Generation = YES;
				INFOPLIST_KEY_UIApplicationSupportsIndirectInputEvents = YES;
				INFOPLIST_KEY_UILaunchScreen_Generation = YES;
				INFOPLIST_KEY_UISupportedInterfaceOrientations_iPad = "UIInterfaceOrientationPortrait UIInterfaceOrientationPortraitUpsideDown UIInterfaceOrientationLandscapeLeft UIInterfaceOrientationLandscapeRight";
				INFOPLIST_KEY_UISupportedInterfaceOrientations_iPhone = "UIInterfaceOrientationPortrait UIInterfaceOrientationLandscapeLeft UIInterfaceOrientationLandscapeRight";
				IPHONEOS_DEPLOYMENT_TARGET = 16.0;
				LD_RUNPATH_SEARCH_PATHS = (
					"$(inherited)",
					"@executable_path/Frameworks",
				);
				MARKETING_VERSION = 1.0;
				PRODUCT_BUNDLE_IDENTIFIER = sheridan.com.mm.PantryPal;
				PRODUCT_NAME = "$(TARGET_NAME)";
				SWIFT_EMIT_LOC_STRINGS = YES;
				SWIFT_VERSION = 5.0;
				TARGETED_DEVICE_FAMILY = "1,2";
			};
			name = Release;
		};
		45AA70BD2B72CC5C0067E513 /* Debug */ = {
			isa = XCBuildConfiguration;
			buildSettings = {
				ALWAYS_EMBED_SWIFT_STANDARD_LIBRARIES = YES;
				BUNDLE_LOADER = "$(TEST_HOST)";
				CODE_SIGN_STYLE = Automatic;
				CURRENT_PROJECT_VERSION = 1;
				DEVELOPMENT_TEAM = Z47J9XGY23;
				GENERATE_INFOPLIST_FILE = YES;
				IPHONEOS_DEPLOYMENT_TARGET = 17.2;
				MARKETING_VERSION = 1.0;
				PRODUCT_BUNDLE_IDENTIFIER = sheridan.com.mm.PantryPalTests;
				PRODUCT_NAME = "$(TARGET_NAME)";
				SWIFT_EMIT_LOC_STRINGS = NO;
				SWIFT_VERSION = 5.0;
				TARGETED_DEVICE_FAMILY = "1,2";
				TEST_HOST = "$(BUILT_PRODUCTS_DIR)/PantryPal.app/$(BUNDLE_EXECUTABLE_FOLDER_PATH)/PantryPal";
			};
			name = Debug;
		};
		45AA70BE2B72CC5C0067E513 /* Release */ = {
			isa = XCBuildConfiguration;
			buildSettings = {
				ALWAYS_EMBED_SWIFT_STANDARD_LIBRARIES = YES;
				BUNDLE_LOADER = "$(TEST_HOST)";
				CODE_SIGN_STYLE = Automatic;
				CURRENT_PROJECT_VERSION = 1;
				DEVELOPMENT_TEAM = Z47J9XGY23;
				GENERATE_INFOPLIST_FILE = YES;
				IPHONEOS_DEPLOYMENT_TARGET = 17.2;
				MARKETING_VERSION = 1.0;
				PRODUCT_BUNDLE_IDENTIFIER = sheridan.com.mm.PantryPalTests;
				PRODUCT_NAME = "$(TARGET_NAME)";
				SWIFT_EMIT_LOC_STRINGS = NO;
				SWIFT_VERSION = 5.0;
				TARGETED_DEVICE_FAMILY = "1,2";
				TEST_HOST = "$(BUILT_PRODUCTS_DIR)/PantryPal.app/$(BUNDLE_EXECUTABLE_FOLDER_PATH)/PantryPal";
			};
			name = Release;
		};
		45AA70C02B72CC5C0067E513 /* Debug */ = {
			isa = XCBuildConfiguration;
			buildSettings = {
				ALWAYS_EMBED_SWIFT_STANDARD_LIBRARIES = YES;
				CODE_SIGN_STYLE = Automatic;
				CURRENT_PROJECT_VERSION = 1;
				DEVELOPMENT_TEAM = Z47J9XGY23;
				GENERATE_INFOPLIST_FILE = YES;
				MARKETING_VERSION = 1.0;
				PRODUCT_BUNDLE_IDENTIFIER = sheridan.com.mm.PantryPalUITests;
				PRODUCT_NAME = "$(TARGET_NAME)";
				SWIFT_EMIT_LOC_STRINGS = NO;
				SWIFT_VERSION = 5.0;
				TARGETED_DEVICE_FAMILY = "1,2";
				TEST_TARGET_NAME = PantryPal;
			};
			name = Debug;
		};
		45AA70C12B72CC5C0067E513 /* Release */ = {
			isa = XCBuildConfiguration;
			buildSettings = {
				ALWAYS_EMBED_SWIFT_STANDARD_LIBRARIES = YES;
				CODE_SIGN_STYLE = Automatic;
				CURRENT_PROJECT_VERSION = 1;
				DEVELOPMENT_TEAM = Z47J9XGY23;
				GENERATE_INFOPLIST_FILE = YES;
				MARKETING_VERSION = 1.0;
				PRODUCT_BUNDLE_IDENTIFIER = sheridan.com.mm.PantryPalUITests;
				PRODUCT_NAME = "$(TARGET_NAME)";
				SWIFT_EMIT_LOC_STRINGS = NO;
				SWIFT_VERSION = 5.0;
				TARGETED_DEVICE_FAMILY = "1,2";
				TEST_TARGET_NAME = PantryPal;
			};
			name = Release;
		};
/* End XCBuildConfiguration section */

/* Begin XCConfigurationList section */
		45AA70902B72CC590067E513 /* Build configuration list for PBXProject "PantryPal" */ = {
			isa = XCConfigurationList;
			buildConfigurations = (
				45AA70B72B72CC5C0067E513 /* Debug */,
				45AA70B82B72CC5C0067E513 /* Release */,
			);
			defaultConfigurationIsVisible = 0;
			defaultConfigurationName = Release;
		};
		45AA70B92B72CC5C0067E513 /* Build configuration list for PBXNativeTarget "PantryPal" */ = {
			isa = XCConfigurationList;
			buildConfigurations = (
				45AA70BA2B72CC5C0067E513 /* Debug */,
				45AA70BB2B72CC5C0067E513 /* Release */,
			);
			defaultConfigurationIsVisible = 0;
			defaultConfigurationName = Release;
		};
		45AA70BC2B72CC5C0067E513 /* Build configuration list for PBXNativeTarget "PantryPalTests" */ = {
			isa = XCConfigurationList;
			buildConfigurations = (
				45AA70BD2B72CC5C0067E513 /* Debug */,
				45AA70BE2B72CC5C0067E513 /* Release */,
			);
			defaultConfigurationIsVisible = 0;
			defaultConfigurationName = Release;
		};
		45AA70BF2B72CC5C0067E513 /* Build configuration list for PBXNativeTarget "PantryPalUITests" */ = {
			isa = XCConfigurationList;
			buildConfigurations = (
				45AA70C02B72CC5C0067E513 /* Debug */,
				45AA70C12B72CC5C0067E513 /* Release */,
			);
			defaultConfigurationIsVisible = 0;
			defaultConfigurationName = Release;
		};
/* End XCConfigurationList section */
	};
	rootObject = 45AA708D2B72CC590067E513 /* Project object */;
}
